
Microsoft Visual Studio Solution File, Format Version 12.00
# Visual Studio Version 17
VisualStudioVersion = 17.8.34309.116
MinimumVisualStudioVersion = 10.0.40219.1
Project("{D2ABAB84-BF74-430A-B69E-9DC6D40DDA17}") = "Group_ID_3_Cube", "Group_ID_3_Cube\Group_ID_3_Cube.dwproj", "{27EE86F8-75A0-4D96-94A4-108D335F9340}"
EndProject
Global
	GlobalSection(SolutionConfigurationPlatforms) = preSolution
		Development|Default = Development|Default
	EndGlobalSection
	GlobalSection(ProjectConfigurationPlatforms) = postSolution
		{27EE86F8-75A0-4D96-94A4-108D335F9340}.Development|Default.ActiveCfg = Development
		{27EE86F8-75A0-4D96-94A4-108D335F9340}.Development|Default.Build.0 = Development
		{27EE86F8-75A0-4D96-94A4-108D335F9340}.Development|Default.Deploy.0 = Development
	EndGlobalSection
	GlobalSection(SolutionProperties) = preSolution
		HideSolutionNode = FALSE
	EndGlobalSection
	GlobalSection(ExtensibilityGlobals) = postSolution
		SolutionGuid = {D5F159B5-4F1B-4862-9203-04ADD8638DC4}
	EndGlobalSection
EndGlobal
